
Microsoft Visual Studio Solution File, Format Version 12.00
# Visual Studio Version 17
VisualStudioVersion = 17.0.31903.59
MinimumVisualStudioVersion = 10.0.40219.1
Project("{2150E333-8FDC-42A3-9474-1A3956D46DE8}") = "src", "src", "{AAA5A75E-519D-47C6-9F6B-D10A1BBE7E53}"
EndProject
Project("{FAE04EC0-301F-11D3-BF4B-00C04F79EFBC}") = "AuctionService", "src\AuctionService\AuctionService.csproj", "{4ADD4484-CB03-4065-92A1-D5FE6F71C0DF}"
EndProject
Project("{FAE04EC0-301F-11D3-BF4B-00C04F79EFBC}") = "SearchService", "src\SearchService\SearchService.csproj", "{5422C10A-3B6C-4B6C-95DA-1F3627D416E1}"
EndProject
Global
	GlobalSection(SolutionConfigurationPlatforms) = preSolution
		Debug|Any CPU = Debug|Any CPU
		Release|Any CPU = Release|Any CPU
	EndGlobalSection
	GlobalSection(SolutionProperties) = preSolution
		HideSolutionNode = FALSE
	EndGlobalSection
	GlobalSection(ProjectConfigurationPlatforms) = postSolution
		{4ADD4484-CB03-4065-92A1-D5FE6F71C0DF}.Debug|Any CPU.ActiveCfg = Debug|Any CPU
		{4ADD4484-CB03-4065-92A1-D5FE6F71C0DF}.Debug|Any CPU.Build.0 = Debug|Any CPU
		{4ADD4484-CB03-4065-92A1-D5FE6F71C0DF}.Release|Any CPU.ActiveCfg = Release|Any CPU
		{4ADD4484-CB03-4065-92A1-D5FE6F71C0DF}.Release|Any CPU.Build.0 = Release|Any CPU
		{5422C10A-3B6C-4B6C-95DA-1F3627D416E1}.Debug|Any CPU.ActiveCfg = Debug|Any CPU
		{5422C10A-3B6C-4B6C-95DA-1F3627D416E1}.Debug|Any CPU.Build.0 = Debug|Any CPU
		{5422C10A-3B6C-4B6C-95DA-1F3627D416E1}.Release|Any CPU.ActiveCfg = Release|Any CPU
		{5422C10A-3B6C-4B6C-95DA-1F3627D416E1}.Release|Any CPU.Build.0 = Release|Any CPU
	EndGlobalSection
	GlobalSection(NestedProjects) = preSolution
		{4ADD4484-CB03-4065-92A1-D5FE6F71C0DF} = {AAA5A75E-519D-47C6-9F6B-D10A1BBE7E53}
		{5422C10A-3B6C-4B6C-95DA-1F3627D416E1} = {AAA5A75E-519D-47C6-9F6B-D10A1BBE7E53}
	EndGlobalSection
EndGlobal
